
Microsoft Visual Studio Solution File, Format Version 12.00
# Visual Studio Version 17
VisualStudioVersion = 17.0.32112.339
MinimumVisualStudioVersion = 10.0.40219.1
Project("{FAE04EC0-301F-11D3-BF4B-00C04F79EFBC}") = "FrontProjectToBack", "FrontProjectToBack\FrontProjectToBack.csproj", "{5DC26D3F-144D-4D6D-A0CD-9F3F00C7758E}"
EndProject
Global
	GlobalSection(SolutionConfigurationPlatforms) = preSolution
		Debug|Any CPU = Debug|Any CPU
		Release|Any CPU = Release|Any CPU
	EndGlobalSection
	GlobalSection(ProjectConfigurationPlatforms) = postSolution
		{5DC26D3F-144D-4D6D-A0CD-9F3F00C7758E}.Debug|Any CPU.ActiveCfg = Debug|Any CPU
		{5DC26D3F-144D-4D6D-A0CD-9F3F00C7758E}.Debug|Any CPU.Build.0 = Debug|Any CPU
		{5DC26D3F-144D-4D6D-A0CD-9F3F00C7758E}.Release|Any CPU.ActiveCfg = Release|Any CPU
		{5DC26D3F-144D-4D6D-A0CD-9F3F00C7758E}.Release|Any CPU.Build.0 = Release|Any CPU
	EndGlobalSection
	GlobalSection(SolutionProperties) = preSolution
		HideSolutionNode = FALSE
	EndGlobalSection
	GlobalSection(ExtensibilityGlobals) = postSolution
		SolutionGuid = {84BD0912-AEAD-4645-B845-34CF49C42B1C}
	EndGlobalSection
EndGlobal
